// !$*UTF8*$!
{
	archiveVersion = 1;
	classes = {
	};
	objectVersion = 46;
	objects = {

/* Begin PBXBuildFile section */
		EB0FF8181D4340AF003DD3E4 /* main.m in Sources */ = {isa = PBXBuildFile; fileRef = EB0FF8171D4340AF003DD3E4 /* main.m */; };
		EB0FF81B1D4340B0003DD3E4 /* AppDelegate.m in Sources */ = {isa = PBXBuildFile; fileRef = EB0FF81A1D4340B0003DD3E4 /* AppDelegate.m */; };
		EB0FF81E1D4340B0003DD3E4 /* ViewController.m in Sources */ = {isa = PBXBuildFile; fileRef = EB0FF81D1D4340B0003DD3E4 /* ViewController.m */; };
		EB0FF8211D4340B0003DD3E4 /* Main.storyboard in Resources */ = {isa = PBXBuildFile; fileRef = EB0FF81F1D4340B0003DD3E4 /* Main.storyboard */; };
		EB0FF8231D4340B0003DD3E4 /* Assets.xcassets in Resources */ = {isa = PBXBuildFile; fileRef = EB0FF8221D4340B0003DD3E4 /* Assets.xcassets */; };
		EB0FF8261D4340B0003DD3E4 /* LaunchScreen.storyboard in Resources */ = {isa = PBXBuildFile; fileRef = EB0FF8241D4340B0003DD3E4 /* LaunchScreen.storyboard */; };
		EB0FF82F1D43420D003DD3E4 /* Cell.m in Sources */ = {isa = PBXBuildFile; fileRef = EB0FF82E1D43420D003DD3E4 /* Cell.m */; };
		EB2599831D45FDF800DD0C7A /* BookCell.m in Sources */ = {isa = PBXBuildFile; fileRef = EB2599821D45FDF800DD0C7A /* BookCell.m */; };
		EB2599861D45FE0E00DD0C7A /* BookController.m in Sources */ = {isa = PBXBuildFile; fileRef = EB2599851D45FE0E00DD0C7A /* BookController.m */; };
/* End PBXBuildFile section */

/* Begin PBXFileReference section */
		EB0FF8131D4340AF003DD3E4 /* a.app */ = {isa = PBXFileReference; explicitFileType = wrapper.application; includeInIndex = 0; path = a.app; sourceTree = BUILT_PRODUCTS_DIR; };
		EB0FF8171D4340AF003DD3E4 /* main.m */ = {isa = PBXFileReference; lastKnownFileType = sourcecode.c.objc; path = main.m; sourceTree = "<group>"; };
		EB0FF8191D4340B0003DD3E4 /* AppDelegate.h */ = {isa = PBXFileReference; lastKnownFileType = sourcecode.c.h; path = AppDelegate.h; sourceTree = "<group>"; };
		EB0FF81A1D4340B0003DD3E4 /* AppDelegate.m */ = {isa = PBXFileReference; lastKnownFileType = sourcecode.c.objc; path = AppDelegate.m; sourceTree = "<group>"; };
		EB0FF81C1D4340B0003DD3E4 /* ViewController.h */ = {isa = PBXFileReference; lastKnownFileType = sourcecode.c.h; path = ViewController.h; sourceTree = "<group>"; };
		EB0FF81D1D4340B0003DD3E4 /* ViewController.m */ = {isa = PBXFileReference; lastKnownFileType = sourcecode.c.objc; path = ViewController.m; sourceTree = "<group>"; };
		EB0FF8201D4340B0003DD3E4 /* Base */ = {isa = PBXFileReference; lastKnownFileType = file.storyboard; name = Base; path = Base.lproj/Main.storyboard; sourceTree = "<group>"; };
		EB0FF8221D4340B0003DD3E4 /* Assets.xcassets */ = {isa = PBXFileReference; lastKnownFileType = folder.assetcatalog; path = Assets.xcassets; sourceTree = "<group>"; };
		EB0FF8251D4340B0003DD3E4 /* Base */ = {isa = PBXFileReference; lastKnownFileType = file.storyboard; name = Base; path = Base.lproj/LaunchScreen.storyboard; sourceTree = "<group>"; };
		EB0FF8271D4340B0003DD3E4 /* Info.plist */ = {isa = PBXFileReference; lastKnownFileType = text.plist.xml; path = Info.plist; sourceTree = "<group>"; };
		EB0FF82D1D43420D003DD3E4 /* Cell.h */ = {isa = PBXFileReference; fileEncoding = 4; lastKnownFileType = sourcecode.c.h; path = Cell.h; sourceTree = "<group>"; };
		EB0FF82E1D43420D003DD3E4 /* Cell.m */ = {isa = PBXFileReference; fileEncoding = 4; lastKnownFileType = sourcecode.c.objc; path = Cell.m; sourceTree = "<group>"; };
		EB2599811D45FDF800DD0C7A /* BookCell.h */ = {isa = PBXFileReference; fileEncoding = 4; lastKnownFileType = sourcecode.c.h; path = BookCell.h; sourceTree = "<group>"; };
		EB2599821D45FDF800DD0C7A /* BookCell.m */ = {isa = PBXFileReference; fileEncoding = 4; lastKnownFileType = sourcecode.c.objc; path = BookCell.m; sourceTree = "<group>"; };
		EB2599841D45FE0E00DD0C7A /* BookController.h */ = {isa = PBXFileReference; fileEncoding = 4; lastKnownFileType = sourcecode.c.h; path = BookController.h; sourceTree = "<group>"; };
		EB2599851D45FE0E00DD0C7A /* BookController.m */ = {isa = PBXFileReference; fileEncoding = 4; lastKnownFileType = sourcecode.c.objc; path = BookController.m; sourceTree = "<group>"; };
/* End PBXFileReference section */

/* Begin PBXFrameworksBuildPhase section */
		EB0FF8101D4340AF003DD3E4 /* Frameworks */ = {
			isa = PBXFrameworksBuildPhase;
			buildActionMask = 2147483647;
			files = (
			);
			runOnlyForDeploymentPostprocessing = 0;
		};
/* End PBXFrameworksBuildPhase section */

/* Begin PBXGroup section */
		EB0FF80A1D4340AF003DD3E4 = {
			isa = PBXGroup;
			children = (
				EB0FF8151D4340AF003DD3E4 /* a */,
				EB0FF8141D4340AF003DD3E4 /* Products */,
			);
			sourceTree = "<group>";
		};
		EB0FF8141D4340AF003DD3E4 /* Products */ = {
			isa = PBXGroup;
			children = (
				EB0FF8131D4340AF003DD3E4 /* a.app */,
			);
			name = Products;
			sourceTree = "<group>";
		};
		EB0FF8151D4340AF003DD3E4 /* a */ = {
			isa = PBXGroup;
			children = (
				EB0FF8191D4340B0003DD3E4 /* AppDelegate.h */,
				EB0FF81A1D4340B0003DD3E4 /* AppDelegate.m */,
				EB0FF81C1D4340B0003DD3E4 /* ViewController.h */,
				EB0FF81D1D4340B0003DD3E4 /* ViewController.m */,
				EB0FF82D1D43420D003DD3E4 /* Cell.h */,
				EB0FF82E1D43420D003DD3E4 /* Cell.m */,
				EB2599841D45FE0E00DD0C7A /* BookController.h */,
				EB2599851D45FE0E00DD0C7A /* BookController.m */,
				EB2599811D45FDF800DD0C7A /* BookCell.h */,
				EB2599821D45FDF800DD0C7A /* BookCell.m */,
				EB0FF81F1D4340B0003DD3E4 /* Main.storyboard */,
				EB0FF8221D4340B0003DD3E4 /* Assets.xcassets */,
				EB0FF8241D4340B0003DD3E4 /* LaunchScreen.storyboard */,
				EB0FF8271D4340B0003DD3E4 /* Info.plist */,
				EB0FF8161D4340AF003DD3E4 /* Supporting Files */,
			);
			path = a;
			sourceTree = "<group>";
		};
		EB0FF8161D4340AF003DD3E4 /* Supporting Files */ = {
			isa = PBXGroup;
			children = (
				EB0FF8171D4340AF003DD3E4 /* main.m */,
			);
			name = "Supporting Files";
			sourceTree = "<group>";
		};
/* End PBXGroup section */

/* Begin PBXNativeTarget section */
		EB0FF8121D4340AF003DD3E4 /* a */ = {
			isa = PBXNativeTarget;
			buildConfigurationList = EB0FF82A1D4340B0003DD3E4 /* Build configuration list for PBXNativeTarget "a" */;
			buildPhases = (
				EB0FF80F1D4340AF003DD3E4 /* Sources */,
				EB0FF8101D4340AF003DD3E4 /* Frameworks */,
				EB0FF8111D4340AF003DD3E4 /* Resources */,
			);
			buildRules = (
			);
			dependencies = (
			);
			name = a;
			productName = a;
			productReference = EB0FF8131D4340AF003DD3E4 /* a.app */;
			productType = "com.apple.product-type.application";
		};
/* End PBXNativeTarget section */

/* Begin PBXProject section */
		EB0FF80B1D4340AF003DD3E4 /* Project object */ = {
			isa = PBXProject;
			attributes = {
				LastUpgradeCheck = 0730;
				ORGANIZATIONNAME = zwm;
				TargetAttributes = {
					EB0FF8121D4340AF003DD3E4 = {
						CreatedOnToolsVersion = 7.3;
					};
				};
			};
			buildConfigurationList = EB0FF80E1D4340AF003DD3E4 /* Build configuration list for PBXProject "a" */;
			compatibilityVersion = "Xcode 3.2";
			developmentRegion = English;
			hasScannedForEncodings = 0;
			knownRegions = (
				en,
				Base,
			);
			mainGroup = EB0FF80A1D4340AF003DD3E4;
			productRefGroup = EB0FF8141D4340AF003DD3E4 /* Products */;
			projectDirPath = "";
			projectRoot = "";
			targets = (
				EB0FF8121D4340AF003DD3E4 /* a */,
			);
		};
/* End PBXProject section */

/* Begin PBXResourcesBuildPhase section */
		EB0FF8111D4340AF003DD3E4 /* Resources */ = {
			isa = PBXResourcesBuildPhase;
			buildActionMask = 2147483647;
			files = (
				EB0FF8261D4340B0003DD3E4 /* LaunchScreen.storyboard in Resources */,
				EB0FF8231D4340B0003DD3E4 /* Assets.xcassets in Resources */,
				EB0FF8211D4340B0003DD3E4 /* Main.storyboard in Resources */,
			);
			runOnlyForDeploymentPostprocessing = 0;
		};
/* End PBXResourcesBuildPhase section */

/* Begin PBXSourcesBuildPhase section */
		EB0FF80F1D4340AF003DD3E4 /* Sources */ = {
			isa = PBXSourcesBuildPhase;
			buildActionMask = 2147483647;
			files = (
				EB0FF81E1D4340B0003DD3E4 /* ViewController.m in Sources */,
				EB0FF82F1D43420D003DD3E4 /* Cell.m in Sources */,
				EB0FF81B1D4340B0003DD3E4 /* AppDelegate.m in Sources */,
				EB2599831D45FDF800DD0C7A /* BookCell.m in Sources */,
				EB2599861D45FE0E00DD0C7A /* BookController.m in Sources */,
				EB0FF8181D4340AF003DD3E4 /* main.m in Sources */,
			);
			runOnlyForDeploymentPostprocessing = 0;
		};
/* End PBXSourcesBuildPhase section */

/* Begin PBXVariantGroup section */
		EB0FF81F1D4340B0003DD3E4 /* Main.storyboard */ = {
			isa = PBXVariantGroup;
			children = (
				EB0FF8201D4340B0003DD3E4 /* Base */,
			);
			name = Main.storyboard;
			sourceTree = "<group>";
		};
		EB0FF8241D4340B0003DD3E4 /* LaunchScreen.storyboard */ = {
			isa = PBXVariantGroup;
			children = (
				EB0FF8251D4340B0003DD3E4 /* Base */,
			);
			name = LaunchScreen.storyboard;
			sourceTree = "<group>";
		};
/* End PBXVariantGroup section */

/* Begin XCBuildConfiguration section */
		EB0FF8281D4340B0003DD3E4 /* Debug */ = {
			isa = XCBuildConfiguration;
			buildSettings = {
				ALWAYS_SEARCH_USER_PATHS = NO;
				CLANG_ANALYZER_NONNULL = YES;
				CLANG_CXX_LANGUAGE_STANDARD = "gnu++0x";
				CLANG_CXX_LIBRARY = "libc++";
				CLANG_ENABLE_MODULES = YES;
				CLANG_ENABLE_OBJC_ARC = YES;
				CLANG_WARN_BOOL_CONVERSION = YES;
				CLANG_WARN_CONSTANT_CONVERSION = YES;
				CLANG_WARN_DIRECT_OBJC_ISA_USAGE = YES_ERROR;
				CLANG_WARN_EMPTY_BODY = YES;
				CLANG_WARN_ENUM_CONVERSION = YES;
				CLANG_WARN_INT_CONVERSION = YES;
				CLANG_WARN_OBJC_ROOT_CLASS = YES_ERROR;
				CLANG_WARN_UNREACHABLE_CODE = YES;
				CLANG_WARN__DUPLICATE_METHOD_MATCH = YES;
				"CODE_SIGN_IDENTITY[sdk=iphoneos*]" = "iPhone Developer";
				COPY_PHASE_STRIP = NO;
				DEBUG_INFORMATION_FORMAT = dwarf;
				ENABLE_STRICT_OBJC_MSGSEND = YES;
				ENABLE_TESTABILITY = YES;
				GCC_C_LANGUAGE_STANDARD = gnu99;
				GCC_DYNAMIC_NO_PIC = NO;
				GCC_NO_COMMON_BLOCKS = YES;
				GCC_OPTIMIZATION_LEVEL = 0;
				GCC_PREPROCESSOR_DEFINITIONS = (
					"DEBUG=1",
					"$(inherited)",
				);
				GCC_WARN_64_TO_32_BIT_CONVERSION = YES;
				GCC_WARN_ABOUT_RETURN_TYPE = YES_ERROR;
				GCC_WARN_UNDECLARED_SELECTOR = YES;
				GCC_WARN_UNINITIALIZED_AUTOS = YES_AGGRESSIVE;
				GCC_WARN_UNUSED_FUNCTION = YES;
				GCC_WARN_UNUSED_VARIABLE = YES;
				IPHONEOS_DEPLOYMENT_TARGET = 9.3;
				MTL_ENABLE_DEBUG_INFO = YES;
				ONLY_ACTIVE_ARCH = YES;
				SDKROOT = iphoneos;
				TARGETED_DEVICE_FAMILY = "1,2";
			};
			name = Debug;
		};
		EB0FF8291D4340B0003DD3E4 /* Release */ = {
			isa = XCBuildConfiguration;
			buildSettings = {
				ALWAYS_SEARCH_USER_PATHS = NO;
				CLANG_ANALYZER_NONNULL = YES;
				CLANG_CXX_LANGUAGE_STANDARD = "gnu++0x";
				CLANG_CXX_LIBRARY = "libc++";
				CLANG_ENABLE_MODULES = YES;
				CLANG_ENABLE_OBJC_ARC = YES;
				CLANG_WARN_BOOL_CONVERSION = YES;
				CLANG_WARN_CONSTANT_CONVERSION = YES;
				CLANG_WARN_DIRECT_OBJC_ISA_USAGE = YES_ERROR;
				CLANG_WARN_EMPTY_BODY = YES;
				CLANG_WARN_ENUM_CONVERSION = YES;
				CLANG_WARN_INT_CONVERSION = YES;
				CLANG_WARN_OBJC_ROOT_CLASS = YES_ERROR;
				CLANG_WARN_UNREACHABLE_CODE = YES;
				CLANG_WARN__DUPLICATE_METHOD_MATCH = YES;
				"CODE_SIGN_IDENTITY[sdk=iphoneos*]" = "iPhone Developer";
				COPY_PHASE_STRIP = NO;
				DEBUG_INFORMATION_FORMAT = "dwarf-with-dsym";
				ENABLE_NS_ASSERTIONS = NO;
				ENABLE_STRICT_OBJC_MSGSEND = YES;
				GCC_C_LANGUAGE_STANDARD = gnu99;
				GCC_NO_COMMON_BLOCKS = YES;
				GCC_WARN_64_TO_32_BIT_CONVERSION = YES;
				GCC_WARN_ABOUT_RETURN_TYPE = YES_ERROR;
				GCC_WARN_UNDECLARED_SELECTOR = YES;
				GCC_WARN_UNINITIALIZED_AUTOS = YES_AGGRESSIVE;
				GCC_WARN_UNUSED_FUNCTION = YES;
				GCC_WARN_UNUSED_VARIABLE = YES;
				IPHONEOS_DEPLOYMENT_TARGET = 9.3;
				MTL_ENABLE_DEBUG_INFO = NO;
				SDKROOT = iphoneos;
				TARGETED_DEVICE_FAMILY = "1,2";
				VALIDATE_PRODUCT = YES;
			};
			name = Release;
		};
		EB0FF82B1D4340B0003DD3E4 /* Debug */ = {
			isa = XCBuildConfiguration;
			buildSettings = {
				ASSETCATALOG_COMPILER_APPICON_NAME = AppIcon;
				INFOPLIST_FILE = a/Info.plist;
				LD_RUNPATH_SEARCH_PATHS = "$(inherited) @executable_path/Frameworks";
				PRODUCT_BUNDLE_IDENTIFIER = enhance.a;
				PRODUCT_NAME = "$(TARGET_NAME)";
			};
			name = Debug;
		};
		EB0FF82C1D4340B0003DD3E4 /* Release */ = {
			isa = XCBuildConfiguration;
			buildSettings = {
				ASSETCATALOG_COMPILER_APPICON_NAME = AppIcon;
				INFOPLIST_FILE = a/Info.plist;
				LD_RUNPATH_SEARCH_PATHS = "$(inherited) @executable_path/Frameworks";
				PRODUCT_BUNDLE_IDENTIFIER = enhance.a;
				PRODUCT_NAME = "$(TARGET_NAME)";
			};
			name = Release;
		};
/* End XCBuildConfiguration section */

/* Begin XCConfigurationList section */
		EB0FF80E1D4340AF003DD3E4 /* Build configuration list for PBXProject "a" */ = {
			isa = XCConfigurationList;
			buildConfigurations = (
				EB0FF8281D4340B0003DD3E4 /* Debug */,
				EB0FF8291D4340B0003DD3E4 /* Release */,
			);
			defaultConfigurationIsVisible = 0;
			defaultConfigurationName = Release;
		};
		EB0FF82A1D4340B0003DD3E4 /* Build configuration list for PBXNativeTarget "a" */ = {
			isa = XCConfigurationList;
			buildConfigurations = (
				EB0FF82B1D4340B0003DD3E4 /* Debug */,
				EB0FF82C1D4340B0003DD3E4 /* Release */,
			);
			defaultConfigurationIsVisible = 0;
			defaultConfigurationName = Release;
		};
/* End XCConfigurationList section */
	};
	rootObject = EB0FF80B1D4340AF003DD3E4 /* Project object */;
}
